// !$*UTF8*$!
{
	archiveVersion = 1;
	classes = {
	};
	objectVersion = 48;
	objects = {

/* Begin PBXBuildFile section */
		CDF7E10C1FAEA9CD00674579 /* AppDelegate.swift in Sources */ = {isa = PBXBuildFile; fileRef = CDF7E10B1FAEA9CD00674579 /* AppDelegate.swift */; };
		CDF7E10E1FAEA9CD00674579 /* ViewController.swift in Sources */ = {isa = PBXBuildFile; fileRef = CDF7E10D1FAEA9CD00674579 /* ViewController.swift */; };
		CDF7E1111FAEA9CD00674579 /* Main.storyboard in Resources */ = {isa = PBXBuildFile; fileRef = CDF7E10F1FAEA9CD00674579 /* Main.storyboard */; };
		CDF7E1131FAEA9CD00674579 /* Assets.xcassets in Resources */ = {isa = PBXBuildFile; fileRef = CDF7E1121FAEA9CD00674579 /* Assets.xcassets */; };
		CDF7E1161FAEA9CD00674579 /* LaunchScreen.storyboard in Resources */ = {isa = PBXBuildFile; fileRef = CDF7E1141FAEA9CD00674579 /* LaunchScreen.storyboard */; };
		CDF7E1211FAEA9CD00674579 /* Giphy_BrowserTests.swift in Sources */ = {isa = PBXBuildFile; fileRef = CDF7E1201FAEA9CD00674579 /* Giphy_BrowserTests.swift */; };
/* End PBXBuildFile section */

/* Begin PBXContainerItemProxy section */
		CDF7E11D1FAEA9CD00674579 /* PBXContainerItemProxy */ = {
			isa = PBXContainerItemProxy;
			containerPortal = CDF7E1001FAEA9CD00674579 /* Project object */;
			proxyType = 1;
			remoteGlobalIDString = CDF7E1071FAEA9CD00674579;
			remoteInfo = "Giphy Browser";
		};
/* End PBXContainerItemProxy section */

/* Begin PBXFileReference section */
		CDF7E1081FAEA9CD00674579 /* Giphy Browser.app */ = {isa = PBXFileReference; explicitFileType = wrapper.application; includeInIndex = 0; path = "Giphy Browser.app"; sourceTree = BUILT_PRODUCTS_DIR; };
		CDF7E10B1FAEA9CD00674579 /* AppDelegate.swift */ = {isa = PBXFileReference; lastKnownFileType = sourcecode.swift; path = AppDelegate.swift; sourceTree = "<group>"; };
		CDF7E10D1FAEA9CD00674579 /* ViewController.swift */ = {isa = PBXFileReference; lastKnownFileType = sourcecode.swift; path = ViewController.swift; sourceTree = "<group>"; };
		CDF7E1101FAEA9CD00674579 /* Base */ = {isa = PBXFileReference; lastKnownFileType = file.storyboard; name = Base; path = Base.lproj/Main.storyboard; sourceTree = "<group>"; };
		CDF7E1121FAEA9CD00674579 /* Assets.xcassets */ = {isa = PBXFileReference; lastKnownFileType = folder.assetcatalog; path = Assets.xcassets; sourceTree = "<group>"; };
		CDF7E1151FAEA9CD00674579 /* Base */ = {isa = PBXFileReference; lastKnownFileType = file.storyboard; name = Base; path = Base.lproj/LaunchScreen.storyboard; sourceTree = "<group>"; };
		CDF7E1171FAEA9CD00674579 /* Info.plist */ = {isa = PBXFileReference; lastKnownFileType = text.plist.xml; path = Info.plist; sourceTree = "<group>"; };
		CDF7E11C1FAEA9CD00674579 /* Giphy BrowserTests.xctest */ = {isa = PBXFileReference; explicitFileType = wrapper.cfbundle; includeInIndex = 0; path = "Giphy BrowserTests.xctest"; sourceTree = BUILT_PRODUCTS_DIR; };
		CDF7E1201FAEA9CD00674579 /* Giphy_BrowserTests.swift */ = {isa = PBXFileReference; lastKnownFileType = sourcecode.swift; path = Giphy_BrowserTests.swift; sourceTree = "<group>"; };
		CDF7E1221FAEA9CD00674579 /* Info.plist */ = {isa = PBXFileReference; lastKnownFileType = text.plist.xml; path = Info.plist; sourceTree = "<group>"; };
/* End PBXFileReference section */

/* Begin PBXFrameworksBuildPhase section */
		CDF7E1051FAEA9CD00674579 /* Frameworks */ = {
			isa = PBXFrameworksBuildPhase;
			buildActionMask = 2147483647;
			files = (
			);
			runOnlyForDeploymentPostprocessing = 0;
		};
		CDF7E1191FAEA9CD00674579 /* Frameworks */ = {
			isa = PBXFrameworksBuildPhase;
			buildActionMask = 2147483647;
			files = (
			);
			runOnlyForDeploymentPostprocessing = 0;
		};
/* End PBXFrameworksBuildPhase section */

/* Begin PBXGroup section */
		CDF7E0FF1FAEA9CD00674579 = {
			isa = PBXGroup;
			children = (
				CDF7E10A1FAEA9CD00674579 /* Giphy Browser */,
				CDF7E11F1FAEA9CD00674579 /* Giphy BrowserTests */,
				CDF7E1091FAEA9CD00674579 /* Products */,
			);
			sourceTree = "<group>";
		};
		CDF7E1091FAEA9CD00674579 /* Products */ = {
			isa = PBXGroup;
			children = (
				CDF7E1081FAEA9CD00674579 /* Giphy Browser.app */,
				CDF7E11C1FAEA9CD00674579 /* Giphy BrowserTests.xctest */,
			);
			name = Products;
			sourceTree = "<group>";
		};
		CDF7E10A1FAEA9CD00674579 /* Giphy Browser */ = {
			isa = PBXGroup;
			children = (
				CDF7E10B1FAEA9CD00674579 /* AppDelegate.swift */,
				CDF7E10D1FAEA9CD00674579 /* ViewController.swift */,
				CDF7E10F1FAEA9CD00674579 /* Main.storyboard */,
				CDF7E1121FAEA9CD00674579 /* Assets.xcassets */,
				CDF7E1141FAEA9CD00674579 /* LaunchScreen.storyboard */,
				CDF7E1171FAEA9CD00674579 /* Info.plist */,
			);
			path = "Giphy Browser";
			sourceTree = "<group>";
		};
		CDF7E11F1FAEA9CD00674579 /* Giphy BrowserTests */ = {
			isa = PBXGroup;
			children = (
				CDF7E1201FAEA9CD00674579 /* Giphy_BrowserTests.swift */,
				CDF7E1221FAEA9CD00674579 /* Info.plist */,
			);
			path = "Giphy BrowserTests";
			sourceTree = "<group>";
		};
/* End PBXGroup section */

/* Begin PBXNativeTarget section */
		CDF7E1071FAEA9CD00674579 /* Giphy Browser */ = {
			isa = PBXNativeTarget;
			buildConfigurationList = CDF7E1251FAEA9CD00674579 /* Build configuration list for PBXNativeTarget "Giphy Browser" */;
			buildPhases = (
				CDF7E1041FAEA9CD00674579 /* Sources */,
				CDF7E1051FAEA9CD00674579 /* Frameworks */,
				CDF7E1061FAEA9CD00674579 /* Resources */,
			);
			buildRules = (
			);
			dependencies = (
			);
			name = "Giphy Browser";
			productName = "Giphy Browser";
			productReference = CDF7E1081FAEA9CD00674579 /* Giphy Browser.app */;
			productType = "com.apple.product-type.application";
		};
		CDF7E11B1FAEA9CD00674579 /* Giphy BrowserTests */ = {
			isa = PBXNativeTarget;
			buildConfigurationList = CDF7E1281FAEA9CD00674579 /* Build configuration list for PBXNativeTarget "Giphy BrowserTests" */;
			buildPhases = (
				CDF7E1181FAEA9CD00674579 /* Sources */,
				CDF7E1191FAEA9CD00674579 /* Frameworks */,
				CDF7E11A1FAEA9CD00674579 /* Resources */,
			);
			buildRules = (
			);
			dependencies = (
				CDF7E11E1FAEA9CD00674579 /* PBXTargetDependency */,
			);
			name = "Giphy BrowserTests";
			productName = "Giphy BrowserTests";
			productReference = CDF7E11C1FAEA9CD00674579 /* Giphy BrowserTests.xctest */;
			productType = "com.apple.product-type.bundle.unit-test";
		};
/* End PBXNativeTarget section */

/* Begin PBXProject section */
		CDF7E1001FAEA9CD00674579 /* Project object */ = {
			isa = PBXProject;
			attributes = {
				LastSwiftUpdateCheck = 0910;
				LastUpgradeCheck = 0910;
				ORGANIZATIONNAME = "Brad G.";
				TargetAttributes = {
					CDF7E1071FAEA9CD00674579 = {
						CreatedOnToolsVersion = 9.1;
						ProvisioningStyle = Automatic;
					};
					CDF7E11B1FAEA9CD00674579 = {
						CreatedOnToolsVersion = 9.1;
						ProvisioningStyle = Automatic;
						TestTargetID = CDF7E1071FAEA9CD00674579;
					};
				};
			};
			buildConfigurationList = CDF7E1031FAEA9CD00674579 /* Build configuration list for PBXProject "Giphy Browser" */;
			compatibilityVersion = "Xcode 8.0";
			developmentRegion = en;
			hasScannedForEncodings = 0;
			knownRegions = (
				en,
				Base,
			);
			mainGroup = CDF7E0FF1FAEA9CD00674579;
			productRefGroup = CDF7E1091FAEA9CD00674579 /* Products */;
			projectDirPath = "";
			projectRoot = "";
			targets = (
				CDF7E1071FAEA9CD00674579 /* Giphy Browser */,
				CDF7E11B1FAEA9CD00674579 /* Giphy BrowserTests */,
			);
		};
/* End PBXProject section */

/* Begin PBXResourcesBuildPhase section */
		CDF7E1061FAEA9CD00674579 /* Resources */ = {
			isa = PBXResourcesBuildPhase;
			buildActionMask = 2147483647;
			files = (
				CDF7E1161FAEA9CD00674579 /* LaunchScreen.storyboard in Resources */,
				CDF7E1131FAEA9CD00674579 /* Assets.xcassets in Resources */,
				CDF7E1111FAEA9CD00674579 /* Main.storyboard in Resources */,
			);
			runOnlyForDeploymentPostprocessing = 0;
		};
		CDF7E11A1FAEA9CD00674579 /* Resources */ = {
			isa = PBXResourcesBuildPhase;
			buildActionMask = 2147483647;
			files = (
			);
			runOnlyForDeploymentPostprocessing = 0;
		};
/* End PBXResourcesBuildPhase section */

/* Begin PBXSourcesBuildPhase section */
		CDF7E1041FAEA9CD00674579 /* Sources */ = {
			isa = PBXSourcesBuildPhase;
			buildActionMask = 2147483647;
			files = (
				CDF7E10E1FAEA9CD00674579 /* ViewController.swift in Sources */,
				CDF7E10C1FAEA9CD00674579 /* AppDelegate.swift in Sources */,
			);
			runOnlyForDeploymentPostprocessing = 0;
		};
		CDF7E1181FAEA9CD00674579 /* Sources */ = {
			isa = PBXSourcesBuildPhase;
			buildActionMask = 2147483647;
			files = (
				CDF7E1211FAEA9CD00674579 /* Giphy_BrowserTests.swift in Sources */,
			);
			runOnlyForDeploymentPostprocessing = 0;
		};
/* End PBXSourcesBuildPhase section */

/* Begin PBXTargetDependency section */
		CDF7E11E1FAEA9CD00674579 /* PBXTargetDependency */ = {
			isa = PBXTargetDependency;
			target = CDF7E1071FAEA9CD00674579 /* Giphy Browser */;
			targetProxy = CDF7E11D1FAEA9CD00674579 /* PBXContainerItemProxy */;
		};
/* End PBXTargetDependency section */

/* Begin PBXVariantGroup section */
		CDF7E10F1FAEA9CD00674579 /* Main.storyboard */ = {
			isa = PBXVariantGroup;
			children = (
				CDF7E1101FAEA9CD00674579 /* Base */,
			);
			name = Main.storyboard;
			sourceTree = "<group>";
		};
		CDF7E1141FAEA9CD00674579 /* LaunchScreen.storyboard */ = {
			isa = PBXVariantGroup;
			children = (
				CDF7E1151FAEA9CD00674579 /* Base */,
			);
			name = LaunchScreen.storyboard;
			sourceTree = "<group>";
		};
/* End PBXVariantGroup section */

/* Begin XCBuildConfiguration section */
		CDF7E1231FAEA9CD00674579 /* Debug */ = {
			isa = XCBuildConfiguration;
			buildSettings = {
				ALWAYS_SEARCH_USER_PATHS = NO;
				CLANG_ANALYZER_NONNULL = YES;
				CLANG_ANALYZER_NUMBER_OBJECT_CONVERSION = YES_AGGRESSIVE;
				CLANG_CXX_LANGUAGE_STANDARD = "gnu++14";
				CLANG_CXX_LIBRARY = "libc++";
				CLANG_ENABLE_MODULES = YES;
				CLANG_ENABLE_OBJC_ARC = YES;
				CLANG_WARN_BLOCK_CAPTURE_AUTORELEASING = YES;
				CLANG_WARN_BOOL_CONVERSION = YES;
				CLANG_WARN_COMMA = YES;
				CLANG_WARN_CONSTANT_CONVERSION = YES;
				CLANG_WARN_DIRECT_OBJC_ISA_USAGE = YES_ERROR;
				CLANG_WARN_DOCUMENTATION_COMMENTS = YES;
				CLANG_WARN_EMPTY_BODY = YES;
				CLANG_WARN_ENUM_CONVERSION = YES;
				CLANG_WARN_INFINITE_RECURSION = YES;
				CLANG_WARN_INT_CONVERSION = YES;
				CLANG_WARN_NON_LITERAL_NULL_CONVERSION = YES;
				CLANG_WARN_OBJC_LITERAL_CONVERSION = YES;
				CLANG_WARN_OBJC_ROOT_CLASS = YES_ERROR;
				CLANG_WARN_RANGE_LOOP_ANALYSIS = YES;
				CLANG_WARN_STRICT_PROTOTYPES = YES;
				CLANG_WARN_SUSPICIOUS_MOVE = YES;
				CLANG_WARN_UNGUARDED_AVAILABILITY = YES_AGGRESSIVE;
				CLANG_WARN_UNREACHABLE_CODE = YES;
				CLANG_WARN__DUPLICATE_METHOD_MATCH = YES;
				CODE_SIGN_IDENTITY = "iPhone Developer";
				COPY_PHASE_STRIP = NO;
				DEBUG_INFORMATION_FORMAT = dwarf;
				ENABLE_STRICT_OBJC_MSGSEND = YES;
				ENABLE_TESTABILITY = YES;
				GCC_C_LANGUAGE_STANDARD = gnu11;
				GCC_DYNAMIC_NO_PIC = NO;
				GCC_NO_COMMON_BLOCKS = YES;
				GCC_OPTIMIZATION_LEVEL = 0;
				GCC_PREPROCESSOR_DEFINITIONS = (
					"DEBUG=1",
					"$(inherited)",
				);
				GCC_WARN_64_TO_32_BIT_CONVERSION = YES;
				GCC_WARN_ABOUT_RETURN_TYPE = YES_ERROR;
				GCC_WARN_UNDECLARED_SELECTOR = YES;
				GCC_WARN_UNINITIALIZED_AUTOS = YES_AGGRESSIVE;
				GCC_WARN_UNUSED_FUNCTION = YES;
				GCC_WARN_UNUSED_VARIABLE = YES;
				IPHONEOS_DEPLOYMENT_TARGET = 11.1;
				MTL_ENABLE_DEBUG_INFO = YES;
				ONLY_ACTIVE_ARCH = YES;
				SDKROOT = iphoneos;
				SWIFT_ACTIVE_COMPILATION_CONDITIONS = DEBUG;
				SWIFT_OPTIMIZATION_LEVEL = "-Onone";
			};
			name = Debug;
		};
		CDF7E1241FAEA9CD00674579 /* Release */ = {
			isa = XCBuildConfiguration;
			buildSettings = {
				ALWAYS_SEARCH_USER_PATHS = NO;
				CLANG_ANALYZER_NONNULL = YES;
				CLANG_ANALYZER_NUMBER_OBJECT_CONVERSION = YES_AGGRESSIVE;
				CLANG_CXX_LANGUAGE_STANDARD = "gnu++14";
				CLANG_CXX_LIBRARY = "libc++";
				CLANG_ENABLE_MODULES = YES;
				CLANG_ENABLE_OBJC_ARC = YES;
				CLANG_WARN_BLOCK_CAPTURE_AUTORELEASING = YES;
				CLANG_WARN_BOOL_CONVERSION = YES;
				CLANG_WARN_COMMA = YES;
				CLANG_WARN_CONSTANT_CONVERSION = YES;
				CLANG_WARN_DIRECT_OBJC_ISA_USAGE = YES_ERROR;
				CLANG_WARN_DOCUMENTATION_COMMENTS = YES;
				CLANG_WARN_EMPTY_BODY = YES;
				CLANG_WARN_ENUM_CONVERSION = YES;
				CLANG_WARN_INFINITE_RECURSION = YES;
				CLANG_WARN_INT_CONVERSION = YES;
				CLANG_WARN_NON_LITERAL_NULL_CONVERSION = YES;
				CLANG_WARN_OBJC_LITERAL_CONVERSION = YES;
				CLANG_WARN_OBJC_ROOT_CLASS = YES_ERROR;
				CLANG_WARN_RANGE_LOOP_ANALYSIS = YES;
				CLANG_WARN_STRICT_PROTOTYPES = YES;
				CLANG_WARN_SUSPICIOUS_MOVE = YES;
				CLANG_WARN_UNGUARDED_AVAILABILITY = YES_AGGRESSIVE;
				CLANG_WARN_UNREACHABLE_CODE = YES;
				CLANG_WARN__DUPLICATE_METHOD_MATCH = YES;
				CODE_SIGN_IDENTITY = "iPhone Developer";
				COPY_PHASE_STRIP = NO;
				DEBUG_INFORMATION_FORMAT = "dwarf-with-dsym";
				ENABLE_NS_ASSERTIONS = NO;
				ENABLE_STRICT_OBJC_MSGSEND = YES;
				GCC_C_LANGUAGE_STANDARD = gnu11;
				GCC_NO_COMMON_BLOCKS = YES;
				GCC_WARN_64_TO_32_BIT_CONVERSION = YES;
				GCC_WARN_ABOUT_RETURN_TYPE = YES_ERROR;
				GCC_WARN_UNDECLARED_SELECTOR = YES;
				GCC_WARN_UNINITIALIZED_AUTOS = YES_AGGRESSIVE;
				GCC_WARN_UNUSED_FUNCTION = YES;
				GCC_WARN_UNUSED_VARIABLE = YES;
				IPHONEOS_DEPLOYMENT_TARGET = 11.1;
				MTL_ENABLE_DEBUG_INFO = NO;
				SDKROOT = iphoneos;
				SWIFT_OPTIMIZATION_LEVEL = "-Owholemodule";
				VALIDATE_PRODUCT = YES;
			};
			name = Release;
		};
		CDF7E1261FAEA9CD00674579 /* Debug */ = {
			isa = XCBuildConfiguration;
			buildSettings = {
				ASSETCATALOG_COMPILER_APPICON_NAME = AppIcon;
				CODE_SIGN_STYLE = Automatic;
				DEVELOPMENT_TEAM = 8DDUQH2RUD;
				INFOPLIST_FILE = "Giphy Browser/Info.plist";
				LD_RUNPATH_SEARCH_PATHS = "$(inherited) @executable_path/Frameworks";
				PRODUCT_BUNDLE_IDENTIFIER = "bradgayman.Giphy-Browser";
				PRODUCT_NAME = "$(TARGET_NAME)";
				SWIFT_VERSION = 4.0;
				TARGETED_DEVICE_FAMILY = "1,2";
			};
			name = Debug;
		};
		CDF7E1271FAEA9CD00674579 /* Release */ = {
			isa = XCBuildConfiguration;
			buildSettings = {
				ASSETCATALOG_COMPILER_APPICON_NAME = AppIcon;
				CODE_SIGN_STYLE = Automatic;
				DEVELOPMENT_TEAM = 8DDUQH2RUD;
				INFOPLIST_FILE = "Giphy Browser/Info.plist";
				LD_RUNPATH_SEARCH_PATHS = "$(inherited) @executable_path/Frameworks";
				PRODUCT_BUNDLE_IDENTIFIER = "bradgayman.Giphy-Browser";
				PRODUCT_NAME = "$(TARGET_NAME)";
				SWIFT_VERSION = 4.0;
				TARGETED_DEVICE_FAMILY = "1,2";
			};
			name = Release;
		};
		CDF7E1291FAEA9CD00674579 /* Debug */ = {
			isa = XCBuildConfiguration;
			buildSettings = {
				ALWAYS_EMBED_SWIFT_STANDARD_LIBRARIES = YES;
				BUNDLE_LOADER = "$(TEST_HOST)";
				CODE_SIGN_STYLE = Automatic;
				DEVELOPMENT_TEAM = 8DDUQH2RUD;
				INFOPLIST_FILE = "Giphy BrowserTests/Info.plist";
				LD_RUNPATH_SEARCH_PATHS = "$(inherited) @executable_path/Frameworks @loader_path/Frameworks";
				PRODUCT_BUNDLE_IDENTIFIER = "bradgayman.Giphy-BrowserTests";
				PRODUCT_NAME = "$(TARGET_NAME)";
				SWIFT_VERSION = 4.0;
				TARGETED_DEVICE_FAMILY = "1,2";
				TEST_HOST = "$(BUILT_PRODUCTS_DIR)/Giphy Browser.app/Giphy Browser";
			};
			name = Debug;
		};
		CDF7E12A1FAEA9CD00674579 /* Release */ = {
			isa = XCBuildConfiguration;
			buildSettings = {
				ALWAYS_EMBED_SWIFT_STANDARD_LIBRARIES = YES;
				BUNDLE_LOADER = "$(TEST_HOST)";
				CODE_SIGN_STYLE = Automatic;
				DEVELOPMENT_TEAM = 8DDUQH2RUD;
				INFOPLIST_FILE = "Giphy BrowserTests/Info.plist";
				LD_RUNPATH_SEARCH_PATHS = "$(inherited) @executable_path/Frameworks @loader_path/Frameworks";
				PRODUCT_BUNDLE_IDENTIFIER = "bradgayman.Giphy-BrowserTests";
				PRODUCT_NAME = "$(TARGET_NAME)";
				SWIFT_VERSION = 4.0;
				TARGETED_DEVICE_FAMILY = "1,2";
				TEST_HOST = "$(BUILT_PRODUCTS_DIR)/Giphy Browser.app/Giphy Browser";
			};
			name = Release;
		};
/* End XCBuildConfiguration section */

/* Begin XCConfigurationList section */
		CDF7E1031FAEA9CD00674579 /* Build configuration list for PBXProject "Giphy Browser" */ = {
			isa = XCConfigurationList;
			buildConfigurations = (
				CDF7E1231FAEA9CD00674579 /* Debug */,
				CDF7E1241FAEA9CD00674579 /* Release */,
			);
			defaultConfigurationIsVisible = 0;
			defaultConfigurationName = Release;
		};
		CDF7E1251FAEA9CD00674579 /* Build configuration list for PBXNativeTarget "Giphy Browser" */ = {
			isa = XCConfigurationList;
			buildConfigurations = (
				CDF7E1261FAEA9CD00674579 /* Debug */,
				CDF7E1271FAEA9CD00674579 /* Release */,
			);
			defaultConfigurationIsVisible = 0;
			defaultConfigurationName = Release;
		};
		CDF7E1281FAEA9CD00674579 /* Build configuration list for PBXNativeTarget "Giphy BrowserTests" */ = {
			isa = XCConfigurationList;
			buildConfigurations = (
				CDF7E1291FAEA9CD00674579 /* Debug */,
				CDF7E12A1FAEA9CD00674579 /* Release */,
			);
			defaultConfigurationIsVisible = 0;
			defaultConfigurationName = Release;
		};
/* End XCConfigurationList section */
	};
	rootObject = CDF7E1001FAEA9CD00674579 /* Project object */;
}
