// !$*UTF8*$!
{
	archiveVersion = 1;
	classes = {
	};
	objectVersion = 48;
	objects = {

/* Begin PBXBuildFile section */
		9192D8C24A5E2D3579C1A025 /* Pods_Giphy_Browser.framework in Frameworks */ = {isa = PBXBuildFile; fileRef = 2DCCFFCCDE2B96983D19B5D8 /* Pods_Giphy_Browser.framework */; };
		C6AC642AF51AC4D15C8933DA /* Pods_Giphy_BrowserTests.framework in Frameworks */ = {isa = PBXBuildFile; fileRef = 2FA73FCA952DA382A263967D /* Pods_Giphy_BrowserTests.framework */; };
		CD2BA08F1FB153E5001E5724 /* UITableView+Animations.swift in Sources */ = {isa = PBXBuildFile; fileRef = CD2BA08E1FB153E5001E5724 /* UITableView+Animations.swift */; };
		CD2BA0901FB1541D001E5724 /* UITableView+Animations.swift in Sources */ = {isa = PBXBuildFile; fileRef = CD2BA08E1FB153E5001E5724 /* UITableView+Animations.swift */; };
		CD690ED41FAF3DD9004364DF /* GiphyCollectionViewCell.swift in Sources */ = {isa = PBXBuildFile; fileRef = CD690ED31FAF3DD9004364DF /* GiphyCollectionViewCell.swift */; };
		CD690ED81FAF5FE7004364DF /* GiphyAutocomplete.swift in Sources */ = {isa = PBXBuildFile; fileRef = CD690ED71FAF5FE7004364DF /* GiphyAutocomplete.swift */; };
		CD690EDA1FAF605E004364DF /* GiphyAutocompleteResponse.swift in Sources */ = {isa = PBXBuildFile; fileRef = CD690ED91FAF605E004364DF /* GiphyAutocompleteResponse.swift */; };
		CD690EDB1FAF605E004364DF /* GiphyAutocompleteResponse.swift in Sources */ = {isa = PBXBuildFile; fileRef = CD690ED91FAF605E004364DF /* GiphyAutocompleteResponse.swift */; };
		CD690EDC1FAF6062004364DF /* GiphyAutocomplete.swift in Sources */ = {isa = PBXBuildFile; fileRef = CD690ED71FAF5FE7004364DF /* GiphyAutocomplete.swift */; };
		CD690EDE1FAF60FF004364DF /* GiphyAutocompleteResult.swift in Sources */ = {isa = PBXBuildFile; fileRef = CD690EDD1FAF60FF004364DF /* GiphyAutocompleteResult.swift */; };
		CD690EDF1FAF60FF004364DF /* GiphyAutocompleteResult.swift in Sources */ = {isa = PBXBuildFile; fileRef = CD690EDD1FAF60FF004364DF /* GiphyAutocompleteResult.swift */; };
		CD690EE31FAF639E004364DF /* GiphyAutocompletionClient.swift in Sources */ = {isa = PBXBuildFile; fileRef = CD690EE21FAF639E004364DF /* GiphyAutocompletionClient.swift */; };
		CD690EE41FAF639E004364DF /* GiphyAutocompletionClient.swift in Sources */ = {isa = PBXBuildFile; fileRef = CD690EE21FAF639E004364DF /* GiphyAutocompletionClient.swift */; };
		CD690EE61FAF64C3004364DF /* GiphyAutocompleteTestData.json in Resources */ = {isa = PBXBuildFile; fileRef = CD690EE51FAF64C3004364DF /* GiphyAutocompleteTestData.json */; };
		CD690EE81FAF64FB004364DF /* GiphyAutocompletionClient+TestData.swift in Sources */ = {isa = PBXBuildFile; fileRef = CD690EE71FAF64FB004364DF /* GiphyAutocompletionClient+TestData.swift */; };
		CD690EEA1FAF8CD0004364DF /* GiphyUser.swift in Sources */ = {isa = PBXBuildFile; fileRef = CD690EE91FAF8CD0004364DF /* GiphyUser.swift */; };
		CD690EEB1FAF8D98004364DF /* GiphyUser.swift in Sources */ = {isa = PBXBuildFile; fileRef = CD690EE91FAF8CD0004364DF /* GiphyUser.swift */; };
		CD6A4D9E1FB0A360007F7B81 /* ErrorHandleable.swift in Sources */ = {isa = PBXBuildFile; fileRef = CD6A4D9D1FB0A360007F7B81 /* ErrorHandleable.swift */; };
		CD6A4D9F1FB0A360007F7B81 /* ErrorHandleable.swift in Sources */ = {isa = PBXBuildFile; fileRef = CD6A4D9D1FB0A360007F7B81 /* ErrorHandleable.swift */; };
		CD6A4DA11FB0A3B3007F7B81 /* UIAlertController+Error.swift in Sources */ = {isa = PBXBuildFile; fileRef = CD6A4DA01FB0A3B3007F7B81 /* UIAlertController+Error.swift */; };
		CD6A4DA21FB0A3B3007F7B81 /* UIAlertController+Error.swift in Sources */ = {isa = PBXBuildFile; fileRef = CD6A4DA01FB0A3B3007F7B81 /* UIAlertController+Error.swift */; };
		CD8F9C7C1FB126B700E9BFF6 /* SearchViewController.swift in Sources */ = {isa = PBXBuildFile; fileRef = CD8F9C7B1FB126B700E9BFF6 /* SearchViewController.swift */; };
		CD8F9C7E1FB14CCC00E9BFF6 /* SearchViewModel.swift in Sources */ = {isa = PBXBuildFile; fileRef = CD8F9C7D1FB14CCC00E9BFF6 /* SearchViewModel.swift */; };
		CD8F9C7F1FB14CCC00E9BFF6 /* SearchViewModel.swift in Sources */ = {isa = PBXBuildFile; fileRef = CD8F9C7D1FB14CCC00E9BFF6 /* SearchViewModel.swift */; };
		CDB8A1761FB0DB040049012B /* SheetContainerViewController.swift in Sources */ = {isa = PBXBuildFile; fileRef = CDB8A1741FB0DAFE0049012B /* SheetContainerViewController.swift */; };
		CDB8A1771FB0DB040049012B /* SheetContainerViewController.swift in Sources */ = {isa = PBXBuildFile; fileRef = CDB8A1741FB0DAFE0049012B /* SheetContainerViewController.swift */; };
		CDB8A1781FB0DB0C0049012B /* SheetContainerViewController.xib in Resources */ = {isa = PBXBuildFile; fileRef = CDB8A1751FB0DAFE0049012B /* SheetContainerViewController.xib */; };
		CDB8A1791FB0DB0D0049012B /* SheetContainerViewController.xib in Resources */ = {isa = PBXBuildFile; fileRef = CDB8A1751FB0DAFE0049012B /* SheetContainerViewController.xib */; };
		CDB8A17C1FB0DBFC0049012B /* StoryboardInitializable.swift in Sources */ = {isa = PBXBuildFile; fileRef = CDB8A17B1FB0DBFC0049012B /* StoryboardInitializable.swift */; };
		CDB8A17D1FB0DC120049012B /* StoryboardInitializable.swift in Sources */ = {isa = PBXBuildFile; fileRef = CDB8A17B1FB0DBFC0049012B /* StoryboardInitializable.swift */; };
		CDB8A17F1FB0DC6B0049012B /* UIFont+Application.swift in Sources */ = {isa = PBXBuildFile; fileRef = CDB8A17E1FB0DC6B0049012B /* UIFont+Application.swift */; };
		CDB8A1801FB0DC6B0049012B /* UIFont+Application.swift in Sources */ = {isa = PBXBuildFile; fileRef = CDB8A17E1FB0DC6B0049012B /* UIFont+Application.swift */; };
		CDC4B5BE1FAFF4DF00D20E0D /* UICollectionView+Animations.swift in Sources */ = {isa = PBXBuildFile; fileRef = CDC4B5BD1FAFF4DF00D20E0D /* UICollectionView+Animations.swift */; };
		CDC4B5C01FB08FAA00D20E0D /* UIColor+Application.swift in Sources */ = {isa = PBXBuildFile; fileRef = CDC4B5BF1FB08FAA00D20E0D /* UIColor+Application.swift */; };
		CDC4B5C11FB08FAA00D20E0D /* UIColor+Application.swift in Sources */ = {isa = PBXBuildFile; fileRef = CDC4B5BF1FB08FAA00D20E0D /* UIColor+Application.swift */; };
		CDE38EF91FAF93E200AE9EF8 /* GiphyViewModel.swift in Sources */ = {isa = PBXBuildFile; fileRef = CDE38EF81FAF93E200AE9EF8 /* GiphyViewModel.swift */; };
		CDE38EFA1FAF958A00AE9EF8 /* GiphyViewModel.swift in Sources */ = {isa = PBXBuildFile; fileRef = CDE38EF81FAF93E200AE9EF8 /* GiphyViewModel.swift */; };
		CDE38EFC1FAFD91A00AE9EF8 /* ColorArt.swift in Sources */ = {isa = PBXBuildFile; fileRef = CDE38EFB1FAFD91A00AE9EF8 /* ColorArt.swift */; };
		CDE38EFD1FAFDAF400AE9EF8 /* ColorArt.swift in Sources */ = {isa = PBXBuildFile; fileRef = CDE38EFB1FAFD91A00AE9EF8 /* ColorArt.swift */; };
		CDE38EFF1FAFE0B600AE9EF8 /* LoaderCollectionViewCell.swift in Sources */ = {isa = PBXBuildFile; fileRef = CDE38EFE1FAFE0B600AE9EF8 /* LoaderCollectionViewCell.swift */; };
		CDE9DCDC1FAEB492005BBAFD /* GiphyImage.swift in Sources */ = {isa = PBXBuildFile; fileRef = CDF7E12F1FAEB2B800674579 /* GiphyImage.swift */; };
		CDE9DCDE1FAEB501005BBAFD /* NetworkActivityIndicatorManager.swift in Sources */ = {isa = PBXBuildFile; fileRef = CDE9DCDD1FAEB501005BBAFD /* NetworkActivityIndicatorManager.swift */; };
		CDE9DCDF1FAEB501005BBAFD /* NetworkActivityIndicatorManager.swift in Sources */ = {isa = PBXBuildFile; fileRef = CDE9DCDD1FAEB501005BBAFD /* NetworkActivityIndicatorManager.swift */; };
		CDE9DCE11FAEB543005BBAFD /* Webservice.swift in Sources */ = {isa = PBXBuildFile; fileRef = CDE9DCE01FAEB543005BBAFD /* Webservice.swift */; };
		CDE9DCE21FAEB543005BBAFD /* Webservice.swift in Sources */ = {isa = PBXBuildFile; fileRef = CDE9DCE01FAEB543005BBAFD /* Webservice.swift */; };
		CDE9DCE41FAEB61F005BBAFD /* Result.swift in Sources */ = {isa = PBXBuildFile; fileRef = CDE9DCE31FAEB61F005BBAFD /* Result.swift */; };
		CDE9DCE51FAEB61F005BBAFD /* Result.swift in Sources */ = {isa = PBXBuildFile; fileRef = CDE9DCE31FAEB61F005BBAFD /* Result.swift */; };
		CDE9DCE81FAEB745005BBAFD /* Notifications+Application.swift in Sources */ = {isa = PBXBuildFile; fileRef = CDE9DCE71FAEB745005BBAFD /* Notifications+Application.swift */; };
		CDE9DCE91FAEB745005BBAFD /* Notifications+Application.swift in Sources */ = {isa = PBXBuildFile; fileRef = CDE9DCE71FAEB745005BBAFD /* Notifications+Application.swift */; };
		CDE9DCEC1FAEB79C005BBAFD /* GiphyResponse.swift in Sources */ = {isa = PBXBuildFile; fileRef = CDE9DCEB1FAEB79C005BBAFD /* GiphyResponse.swift */; };
		CDE9DCED1FAEB79C005BBAFD /* GiphyResponse.swift in Sources */ = {isa = PBXBuildFile; fileRef = CDE9DCEB1FAEB79C005BBAFD /* GiphyResponse.swift */; };
		CDE9DCEF1FAEB94D005BBAFD /* GiphyPagination.swift in Sources */ = {isa = PBXBuildFile; fileRef = CDE9DCEE1FAEB94D005BBAFD /* GiphyPagination.swift */; };
		CDE9DCF01FAEB94D005BBAFD /* GiphyPagination.swift in Sources */ = {isa = PBXBuildFile; fileRef = CDE9DCEE1FAEB94D005BBAFD /* GiphyPagination.swift */; };
		CDE9DCF21FAEB96A005BBAFD /* GiphyMetadata.swift in Sources */ = {isa = PBXBuildFile; fileRef = CDE9DCF11FAEB96A005BBAFD /* GiphyMetadata.swift */; };
		CDE9DCF31FAEB96A005BBAFD /* GiphyMetadata.swift in Sources */ = {isa = PBXBuildFile; fileRef = CDE9DCF11FAEB96A005BBAFD /* GiphyMetadata.swift */; };
		CDE9DCF51FAEBA1A005BBAFD /* GiphyTestData.json in Resources */ = {isa = PBXBuildFile; fileRef = CDE9DCF41FAEBA1A005BBAFD /* GiphyTestData.json */; };
		CDE9DCF71FAEBAC2005BBAFD /* GiphySearchClient.swift in Sources */ = {isa = PBXBuildFile; fileRef = CDE9DCF61FAEBAC2005BBAFD /* GiphySearchClient.swift */; };
		CDE9DCF91FAEBFDD005BBAFD /* GiphyURLConstructor.swift in Sources */ = {isa = PBXBuildFile; fileRef = CDE9DCF81FAEBFDD005BBAFD /* GiphyURLConstructor.swift */; };
		CDE9DCFA1FAEC1EB005BBAFD /* GiphyURLConstructor.swift in Sources */ = {isa = PBXBuildFile; fileRef = CDE9DCF81FAEBFDD005BBAFD /* GiphyURLConstructor.swift */; };
		CDE9DCFB1FAEC1EF005BBAFD /* GiphySearchClient.swift in Sources */ = {isa = PBXBuildFile; fileRef = CDE9DCF61FAEBAC2005BBAFD /* GiphySearchClient.swift */; };
		CDE9DCFD1FAEC214005BBAFD /* GiphySearchClient+TestData.swift in Sources */ = {isa = PBXBuildFile; fileRef = CDE9DCFC1FAEC214005BBAFD /* GiphySearchClient+TestData.swift */; };
		CDE9DCFF1FAF37AE005BBAFD /* GiphyTrendingClient.swift in Sources */ = {isa = PBXBuildFile; fileRef = CDE9DCFE1FAF37AE005BBAFD /* GiphyTrendingClient.swift */; };
		CDE9DD001FAF3821005BBAFD /* GiphyTrendingClient.swift in Sources */ = {isa = PBXBuildFile; fileRef = CDE9DCFE1FAF37AE005BBAFD /* GiphyTrendingClient.swift */; };
		CDF7E10C1FAEA9CD00674579 /* AppDelegate.swift in Sources */ = {isa = PBXBuildFile; fileRef = CDF7E10B1FAEA9CD00674579 /* AppDelegate.swift */; };
		CDF7E10E1FAEA9CD00674579 /* GiphyListViewController.swift in Sources */ = {isa = PBXBuildFile; fileRef = CDF7E10D1FAEA9CD00674579 /* GiphyListViewController.swift */; };
		CDF7E1111FAEA9CD00674579 /* Main.storyboard in Resources */ = {isa = PBXBuildFile; fileRef = CDF7E10F1FAEA9CD00674579 /* Main.storyboard */; };
		CDF7E1131FAEA9CD00674579 /* Assets.xcassets in Resources */ = {isa = PBXBuildFile; fileRef = CDF7E1121FAEA9CD00674579 /* Assets.xcassets */; };
		CDF7E1161FAEA9CD00674579 /* LaunchScreen.storyboard in Resources */ = {isa = PBXBuildFile; fileRef = CDF7E1141FAEA9CD00674579 /* LaunchScreen.storyboard */; };
		CDF7E1211FAEA9CD00674579 /* Giphy_BrowserTests.swift in Sources */ = {isa = PBXBuildFile; fileRef = CDF7E1201FAEA9CD00674579 /* Giphy_BrowserTests.swift */; };
		CDF7E12C1FAEAACC00674579 /* Giphy.swift in Sources */ = {isa = PBXBuildFile; fileRef = CDF7E12B1FAEAACC00674579 /* Giphy.swift */; };
		CDF7E12E1FAEB29C00674579 /* GiphyImageType.swift in Sources */ = {isa = PBXBuildFile; fileRef = CDF7E12D1FAEB29C00674579 /* GiphyImageType.swift */; };
		CDF7E1301FAEB2B800674579 /* GiphyImage.swift in Sources */ = {isa = PBXBuildFile; fileRef = CDF7E12F1FAEB2B800674579 /* GiphyImage.swift */; };
		CDF7E1311FAEB3CE00674579 /* Giphy.swift in Sources */ = {isa = PBXBuildFile; fileRef = CDF7E12B1FAEAACC00674579 /* Giphy.swift */; };
		CDF7E1321FAEB3D200674579 /* GiphyImageType.swift in Sources */ = {isa = PBXBuildFile; fileRef = CDF7E12D1FAEB29C00674579 /* GiphyImageType.swift */; };
/* End PBXBuildFile section */

/* Begin PBXContainerItemProxy section */
		CDF7E11D1FAEA9CD00674579 /* PBXContainerItemProxy */ = {
			isa = PBXContainerItemProxy;
			containerPortal = CDF7E1001FAEA9CD00674579 /* Project object */;
			proxyType = 1;
			remoteGlobalIDString = CDF7E1071FAEA9CD00674579;
			remoteInfo = "Giphy Browser";
		};
/* End PBXContainerItemProxy section */

/* Begin PBXFileReference section */
		0732F56FE1CAC103E969A4AF /* Pods-Giphy Browser.debug.xcconfig */ = {isa = PBXFileReference; includeInIndex = 1; lastKnownFileType = text.xcconfig; name = "Pods-Giphy Browser.debug.xcconfig"; path = "Pods/Target Support Files/Pods-Giphy Browser/Pods-Giphy Browser.debug.xcconfig"; sourceTree = "<group>"; };
		2DCCFFCCDE2B96983D19B5D8 /* Pods_Giphy_Browser.framework */ = {isa = PBXFileReference; explicitFileType = wrapper.framework; includeInIndex = 0; path = Pods_Giphy_Browser.framework; sourceTree = BUILT_PRODUCTS_DIR; };
		2FA73FCA952DA382A263967D /* Pods_Giphy_BrowserTests.framework */ = {isa = PBXFileReference; explicitFileType = wrapper.framework; includeInIndex = 0; path = Pods_Giphy_BrowserTests.framework; sourceTree = BUILT_PRODUCTS_DIR; };
		42705E23CD568021299D0FC8 /* Pods-Giphy BrowserTests.debug.xcconfig */ = {isa = PBXFileReference; includeInIndex = 1; lastKnownFileType = text.xcconfig; name = "Pods-Giphy BrowserTests.debug.xcconfig"; path = "Pods/Target Support Files/Pods-Giphy BrowserTests/Pods-Giphy BrowserTests.debug.xcconfig"; sourceTree = "<group>"; };
		A789927EDE8429FB20F251B8 /* Pods-Giphy BrowserTests.release.xcconfig */ = {isa = PBXFileReference; includeInIndex = 1; lastKnownFileType = text.xcconfig; name = "Pods-Giphy BrowserTests.release.xcconfig"; path = "Pods/Target Support Files/Pods-Giphy BrowserTests/Pods-Giphy BrowserTests.release.xcconfig"; sourceTree = "<group>"; };
		CD2BA08E1FB153E5001E5724 /* UITableView+Animations.swift */ = {isa = PBXFileReference; lastKnownFileType = sourcecode.swift; path = "UITableView+Animations.swift"; sourceTree = "<group>"; };
		CD690ED31FAF3DD9004364DF /* GiphyCollectionViewCell.swift */ = {isa = PBXFileReference; lastKnownFileType = sourcecode.swift; path = GiphyCollectionViewCell.swift; sourceTree = "<group>"; };
		CD690ED71FAF5FE7004364DF /* GiphyAutocomplete.swift */ = {isa = PBXFileReference; lastKnownFileType = sourcecode.swift; path = GiphyAutocomplete.swift; sourceTree = "<group>"; };
		CD690ED91FAF605E004364DF /* GiphyAutocompleteResponse.swift */ = {isa = PBXFileReference; lastKnownFileType = sourcecode.swift; path = GiphyAutocompleteResponse.swift; sourceTree = "<group>"; };
		CD690EDD1FAF60FF004364DF /* GiphyAutocompleteResult.swift */ = {isa = PBXFileReference; lastKnownFileType = sourcecode.swift; path = GiphyAutocompleteResult.swift; sourceTree = "<group>"; };
		CD690EE21FAF639E004364DF /* GiphyAutocompletionClient.swift */ = {isa = PBXFileReference; lastKnownFileType = sourcecode.swift; path = GiphyAutocompletionClient.swift; sourceTree = "<group>"; };
		CD690EE51FAF64C3004364DF /* GiphyAutocompleteTestData.json */ = {isa = PBXFileReference; fileEncoding = 4; lastKnownFileType = text.json; path = GiphyAutocompleteTestData.json; sourceTree = "<group>"; };
		CD690EE71FAF64FB004364DF /* GiphyAutocompletionClient+TestData.swift */ = {isa = PBXFileReference; lastKnownFileType = sourcecode.swift; path = "GiphyAutocompletionClient+TestData.swift"; sourceTree = "<group>"; };
		CD690EE91FAF8CD0004364DF /* GiphyUser.swift */ = {isa = PBXFileReference; lastKnownFileType = sourcecode.swift; path = GiphyUser.swift; sourceTree = "<group>"; };
		CD6A4D9D1FB0A360007F7B81 /* ErrorHandleable.swift */ = {isa = PBXFileReference; lastKnownFileType = sourcecode.swift; path = ErrorHandleable.swift; sourceTree = "<group>"; };
		CD6A4DA01FB0A3B3007F7B81 /* UIAlertController+Error.swift */ = {isa = PBXFileReference; lastKnownFileType = sourcecode.swift; path = "UIAlertController+Error.swift"; sourceTree = "<group>"; };
		CD8F9C7B1FB126B700E9BFF6 /* SearchViewController.swift */ = {isa = PBXFileReference; lastKnownFileType = sourcecode.swift; path = SearchViewController.swift; sourceTree = "<group>"; };
		CD8F9C7D1FB14CCC00E9BFF6 /* SearchViewModel.swift */ = {isa = PBXFileReference; lastKnownFileType = sourcecode.swift; path = SearchViewModel.swift; sourceTree = "<group>"; };
		CDB8A1741FB0DAFE0049012B /* SheetContainerViewController.swift */ = {isa = PBXFileReference; lastKnownFileType = sourcecode.swift; path = SheetContainerViewController.swift; sourceTree = "<group>"; };
		CDB8A1751FB0DAFE0049012B /* SheetContainerViewController.xib */ = {isa = PBXFileReference; lastKnownFileType = file.xib; path = SheetContainerViewController.xib; sourceTree = "<group>"; };
		CDB8A17B1FB0DBFC0049012B /* StoryboardInitializable.swift */ = {isa = PBXFileReference; fileEncoding = 4; lastKnownFileType = sourcecode.swift; path = StoryboardInitializable.swift; sourceTree = "<group>"; };
		CDB8A17E1FB0DC6B0049012B /* UIFont+Application.swift */ = {isa = PBXFileReference; lastKnownFileType = sourcecode.swift; path = "UIFont+Application.swift"; sourceTree = "<group>"; };
		CDC4B5BD1FAFF4DF00D20E0D /* UICollectionView+Animations.swift */ = {isa = PBXFileReference; lastKnownFileType = sourcecode.swift; path = "UICollectionView+Animations.swift"; sourceTree = "<group>"; };
		CDC4B5BF1FB08FAA00D20E0D /* UIColor+Application.swift */ = {isa = PBXFileReference; lastKnownFileType = sourcecode.swift; path = "UIColor+Application.swift"; sourceTree = "<group>"; };
		CDE38EF81FAF93E200AE9EF8 /* GiphyViewModel.swift */ = {isa = PBXFileReference; lastKnownFileType = sourcecode.swift; path = GiphyViewModel.swift; sourceTree = "<group>"; };
		CDE38EFB1FAFD91A00AE9EF8 /* ColorArt.swift */ = {isa = PBXFileReference; fileEncoding = 4; lastKnownFileType = sourcecode.swift; path = ColorArt.swift; sourceTree = "<group>"; };
		CDE38EFE1FAFE0B600AE9EF8 /* LoaderCollectionViewCell.swift */ = {isa = PBXFileReference; lastKnownFileType = sourcecode.swift; path = LoaderCollectionViewCell.swift; sourceTree = "<group>"; };
		CDE9DCDD1FAEB501005BBAFD /* NetworkActivityIndicatorManager.swift */ = {isa = PBXFileReference; lastKnownFileType = sourcecode.swift; path = NetworkActivityIndicatorManager.swift; sourceTree = "<group>"; };
		CDE9DCE01FAEB543005BBAFD /* Webservice.swift */ = {isa = PBXFileReference; lastKnownFileType = sourcecode.swift; path = Webservice.swift; sourceTree = "<group>"; };
		CDE9DCE31FAEB61F005BBAFD /* Result.swift */ = {isa = PBXFileReference; lastKnownFileType = sourcecode.swift; path = Result.swift; sourceTree = "<group>"; };
		CDE9DCE71FAEB745005BBAFD /* Notifications+Application.swift */ = {isa = PBXFileReference; lastKnownFileType = sourcecode.swift; path = "Notifications+Application.swift"; sourceTree = "<group>"; };
		CDE9DCEB1FAEB79C005BBAFD /* GiphyResponse.swift */ = {isa = PBXFileReference; lastKnownFileType = sourcecode.swift; path = GiphyResponse.swift; sourceTree = "<group>"; };
		CDE9DCEE1FAEB94D005BBAFD /* GiphyPagination.swift */ = {isa = PBXFileReference; lastKnownFileType = sourcecode.swift; path = GiphyPagination.swift; sourceTree = "<group>"; };
		CDE9DCF11FAEB96A005BBAFD /* GiphyMetadata.swift */ = {isa = PBXFileReference; lastKnownFileType = sourcecode.swift; path = GiphyMetadata.swift; sourceTree = "<group>"; };
		CDE9DCF41FAEBA1A005BBAFD /* GiphyTestData.json */ = {isa = PBXFileReference; fileEncoding = 4; lastKnownFileType = text.json; path = GiphyTestData.json; sourceTree = "<group>"; };
		CDE9DCF61FAEBAC2005BBAFD /* GiphySearchClient.swift */ = {isa = PBXFileReference; lastKnownFileType = sourcecode.swift; path = GiphySearchClient.swift; sourceTree = "<group>"; };
		CDE9DCF81FAEBFDD005BBAFD /* GiphyURLConstructor.swift */ = {isa = PBXFileReference; lastKnownFileType = sourcecode.swift; path = GiphyURLConstructor.swift; sourceTree = "<group>"; };
		CDE9DCFC1FAEC214005BBAFD /* GiphySearchClient+TestData.swift */ = {isa = PBXFileReference; lastKnownFileType = sourcecode.swift; path = "GiphySearchClient+TestData.swift"; sourceTree = "<group>"; };
		CDE9DCFE1FAF37AE005BBAFD /* GiphyTrendingClient.swift */ = {isa = PBXFileReference; lastKnownFileType = sourcecode.swift; path = GiphyTrendingClient.swift; sourceTree = "<group>"; };
		CDF7E1081FAEA9CD00674579 /* Giphy Browser.app */ = {isa = PBXFileReference; explicitFileType = wrapper.application; includeInIndex = 0; path = "Giphy Browser.app"; sourceTree = BUILT_PRODUCTS_DIR; };
		CDF7E10B1FAEA9CD00674579 /* AppDelegate.swift */ = {isa = PBXFileReference; lastKnownFileType = sourcecode.swift; path = AppDelegate.swift; sourceTree = "<group>"; };
		CDF7E10D1FAEA9CD00674579 /* GiphyListViewController.swift */ = {isa = PBXFileReference; lastKnownFileType = sourcecode.swift; path = GiphyListViewController.swift; sourceTree = "<group>"; };
		CDF7E1101FAEA9CD00674579 /* Base */ = {isa = PBXFileReference; lastKnownFileType = file.storyboard; name = Base; path = Base.lproj/Main.storyboard; sourceTree = "<group>"; };
		CDF7E1121FAEA9CD00674579 /* Assets.xcassets */ = {isa = PBXFileReference; lastKnownFileType = folder.assetcatalog; path = Assets.xcassets; sourceTree = "<group>"; };
		CDF7E1151FAEA9CD00674579 /* Base */ = {isa = PBXFileReference; lastKnownFileType = file.storyboard; name = Base; path = Base.lproj/LaunchScreen.storyboard; sourceTree = "<group>"; };
		CDF7E1171FAEA9CD00674579 /* Info.plist */ = {isa = PBXFileReference; lastKnownFileType = text.plist.xml; path = Info.plist; sourceTree = "<group>"; };
		CDF7E11C1FAEA9CD00674579 /* Giphy BrowserTests.xctest */ = {isa = PBXFileReference; explicitFileType = wrapper.cfbundle; includeInIndex = 0; path = "Giphy BrowserTests.xctest"; sourceTree = BUILT_PRODUCTS_DIR; };
		CDF7E1201FAEA9CD00674579 /* Giphy_BrowserTests.swift */ = {isa = PBXFileReference; lastKnownFileType = sourcecode.swift; path = Giphy_BrowserTests.swift; sourceTree = "<group>"; };
		CDF7E1221FAEA9CD00674579 /* Info.plist */ = {isa = PBXFileReference; lastKnownFileType = text.plist.xml; path = Info.plist; sourceTree = "<group>"; };
		CDF7E12B1FAEAACC00674579 /* Giphy.swift */ = {isa = PBXFileReference; lastKnownFileType = sourcecode.swift; path = Giphy.swift; sourceTree = "<group>"; };
		CDF7E12D1FAEB29C00674579 /* GiphyImageType.swift */ = {isa = PBXFileReference; lastKnownFileType = sourcecode.swift; path = GiphyImageType.swift; sourceTree = "<group>"; };
		CDF7E12F1FAEB2B800674579 /* GiphyImage.swift */ = {isa = PBXFileReference; lastKnownFileType = sourcecode.swift; path = GiphyImage.swift; sourceTree = "<group>"; };
		DFB3A92DAA6218C1FE14F620 /* Pods-Giphy Browser.release.xcconfig */ = {isa = PBXFileReference; includeInIndex = 1; lastKnownFileType = text.xcconfig; name = "Pods-Giphy Browser.release.xcconfig"; path = "Pods/Target Support Files/Pods-Giphy Browser/Pods-Giphy Browser.release.xcconfig"; sourceTree = "<group>"; };
/* End PBXFileReference section */

/* Begin PBXFrameworksBuildPhase section */
		CDF7E1051FAEA9CD00674579 /* Frameworks */ = {
			isa = PBXFrameworksBuildPhase;
			buildActionMask = 2147483647;
			files = (
				9192D8C24A5E2D3579C1A025 /* Pods_Giphy_Browser.framework in Frameworks */,
			);
			runOnlyForDeploymentPostprocessing = 0;
		};
		CDF7E1191FAEA9CD00674579 /* Frameworks */ = {
			isa = PBXFrameworksBuildPhase;
			buildActionMask = 2147483647;
			files = (
				C6AC642AF51AC4D15C8933DA /* Pods_Giphy_BrowserTests.framework in Frameworks */,
			);
			runOnlyForDeploymentPostprocessing = 0;
		};
/* End PBXFrameworksBuildPhase section */

/* Begin PBXGroup section */
		4BFB819779B29971024283D3 /* Frameworks */ = {
			isa = PBXGroup;
			children = (
				2DCCFFCCDE2B96983D19B5D8 /* Pods_Giphy_Browser.framework */,
				2FA73FCA952DA382A263967D /* Pods_Giphy_BrowserTests.framework */,
			);
			name = Frameworks;
			sourceTree = "<group>";
		};
		9C528A24F75BB14F7E6C49CA /* Pods */ = {
			isa = PBXGroup;
			children = (
				0732F56FE1CAC103E969A4AF /* Pods-Giphy Browser.debug.xcconfig */,
				DFB3A92DAA6218C1FE14F620 /* Pods-Giphy Browser.release.xcconfig */,
				42705E23CD568021299D0FC8 /* Pods-Giphy BrowserTests.debug.xcconfig */,
				A789927EDE8429FB20F251B8 /* Pods-Giphy BrowserTests.release.xcconfig */,
			);
			name = Pods;
			sourceTree = "<group>";
		};
		CD690EE01FAF6217004364DF /* Giphy */ = {
			isa = PBXGroup;
			children = (
				CDF7E12B1FAEAACC00674579 /* Giphy.swift */,
				CDF7E12D1FAEB29C00674579 /* GiphyImageType.swift */,
				CDF7E12F1FAEB2B800674579 /* GiphyImage.swift */,
				CDE9DCEB1FAEB79C005BBAFD /* GiphyResponse.swift */,
				CDE9DCEE1FAEB94D005BBAFD /* GiphyPagination.swift */,
				CDE9DCF11FAEB96A005BBAFD /* GiphyMetadata.swift */,
				CD690EE91FAF8CD0004364DF /* GiphyUser.swift */,
			);
			path = Giphy;
			sourceTree = "<group>";
		};
		CD690EE11FAF6223004364DF /* Autocompletion */ = {
			isa = PBXGroup;
			children = (
				CD690ED71FAF5FE7004364DF /* GiphyAutocomplete.swift */,
				CD690EDD1FAF60FF004364DF /* GiphyAutocompleteResult.swift */,
				CD690ED91FAF605E004364DF /* GiphyAutocompleteResponse.swift */,
			);
			path = Autocompletion;
			sourceTree = "<group>";
		};
		CD6A4DA31FB0A405007F7B81 /* Protocols */ = {
			isa = PBXGroup;
			children = (
				CD6A4D9D1FB0A360007F7B81 /* ErrorHandleable.swift */,
				CDB8A17B1FB0DBFC0049012B /* StoryboardInitializable.swift */,
			);
			path = Protocols;
			sourceTree = "<group>";
		};
		CD8F9C801FB151F900E9BFF6 /* Search View Controller */ = {
			isa = PBXGroup;
			children = (
				CD8F9C7B1FB126B700E9BFF6 /* SearchViewController.swift */,
			);
			path = "Search View Controller";
			sourceTree = "<group>";
		};
		CDB8A1721FB0DAC70049012B /* Cells */ = {
			isa = PBXGroup;
			children = (
				CD690ED31FAF3DD9004364DF /* GiphyCollectionViewCell.swift */,
				CDE38EFE1FAFE0B600AE9EF8 /* LoaderCollectionViewCell.swift */,
			);
			path = Cells;
			sourceTree = "<group>";
		};
		CDB8A1731FB0DAD40049012B /* Giphy View Controller */ = {
			isa = PBXGroup;
			children = (
				CDF7E10D1FAEA9CD00674579 /* GiphyListViewController.swift */,
				CDB8A1721FB0DAC70049012B /* Cells */,
			);
			path = "Giphy View Controller";
			sourceTree = "<group>";
		};
		CDB8A17A1FB0DB180049012B /* Sheet Container View Controller */ = {
			isa = PBXGroup;
			children = (
				CDB8A1741FB0DAFE0049012B /* SheetContainerViewController.swift */,
				CDB8A1751FB0DAFE0049012B /* SheetContainerViewController.xib */,
			);
			path = "Sheet Container View Controller";
			sourceTree = "<group>";
		};
		CDC4B5C21FB0A2EC00D20E0D /* View Models */ = {
			isa = PBXGroup;
			children = (
				CDE38EF81FAF93E200AE9EF8 /* GiphyViewModel.swift */,
				CD8F9C7D1FB14CCC00E9BFF6 /* SearchViewModel.swift */,
			);
			path = "View Models";
			sourceTree = "<group>";
		};
		CDC4B5C31FB0A2FB00D20E0D /* Views */ = {
			isa = PBXGroup;
			children = (
				CDB8A17A1FB0DB180049012B /* Sheet Container View Controller */,
				CDB8A1731FB0DAD40049012B /* Giphy View Controller */,
				CD8F9C801FB151F900E9BFF6 /* Search View Controller */,
			);
			path = Views;
			sourceTree = "<group>";
		};
		CDC4B5C41FB0A30F00D20E0D /* Misc */ = {
			isa = PBXGroup;
			children = (
				CDE38EFB1FAFD91A00AE9EF8 /* ColorArt.swift */,
			);
			path = Misc;
			sourceTree = "<group>";
		};
		CDE9DCE61FAEB718005BBAFD /* Networking */ = {
			isa = PBXGroup;
			children = (
				CDE9DCDD1FAEB501005BBAFD /* NetworkActivityIndicatorManager.swift */,
				CDE9DCE01FAEB543005BBAFD /* Webservice.swift */,
				CDE9DCE31FAEB61F005BBAFD /* Result.swift */,
				CDE9DCF81FAEBFDD005BBAFD /* GiphyURLConstructor.swift */,
				CDE9DCF61FAEBAC2005BBAFD /* GiphySearchClient.swift */,
				CDE9DCFE1FAF37AE005BBAFD /* GiphyTrendingClient.swift */,
				CD690EE21FAF639E004364DF /* GiphyAutocompletionClient.swift */,
			);
			path = Networking;
			sourceTree = "<group>";
		};
		CDE9DCEA1FAEB760005BBAFD /* Extensions */ = {
			isa = PBXGroup;
			children = (
				CDE9DCE71FAEB745005BBAFD /* Notifications+Application.swift */,
				CDC4B5BF1FB08FAA00D20E0D /* UIColor+Application.swift */,
				CDB8A17E1FB0DC6B0049012B /* UIFont+Application.swift */,
				CDC4B5BD1FAFF4DF00D20E0D /* UICollectionView+Animations.swift */,
				CD6A4DA01FB0A3B3007F7B81 /* UIAlertController+Error.swift */,
				CD2BA08E1FB153E5001E5724 /* UITableView+Animations.swift */,
			);
			path = Extensions;
			sourceTree = "<group>";
		};
		CDF7E0FF1FAEA9CD00674579 = {
			isa = PBXGroup;
			children = (
				CDF7E10A1FAEA9CD00674579 /* Giphy Browser */,
				CDF7E11F1FAEA9CD00674579 /* Giphy BrowserTests */,
				CDF7E1091FAEA9CD00674579 /* Products */,
				9C528A24F75BB14F7E6C49CA /* Pods */,
				4BFB819779B29971024283D3 /* Frameworks */,
			);
			sourceTree = "<group>";
		};
		CDF7E1091FAEA9CD00674579 /* Products */ = {
			isa = PBXGroup;
			children = (
				CDF7E1081FAEA9CD00674579 /* Giphy Browser.app */,
				CDF7E11C1FAEA9CD00674579 /* Giphy BrowserTests.xctest */,
			);
			name = Products;
			sourceTree = "<group>";
		};
		CDF7E10A1FAEA9CD00674579 /* Giphy Browser */ = {
			isa = PBXGroup;
			children = (
				CDF7E10B1FAEA9CD00674579 /* AppDelegate.swift */,
				CDF7E10F1FAEA9CD00674579 /* Main.storyboard */,
				CDC4B5C31FB0A2FB00D20E0D /* Views */,
				CDC4B5C21FB0A2EC00D20E0D /* View Models */,
				CDF7E1331FAEB40000674579 /* Model */,
				CDE9DCE61FAEB718005BBAFD /* Networking */,
				CD6A4DA31FB0A405007F7B81 /* Protocols */,
				CDE9DCEA1FAEB760005BBAFD /* Extensions */,
				CDC4B5C41FB0A30F00D20E0D /* Misc */,
				CDF7E1121FAEA9CD00674579 /* Assets.xcassets */,
				CDF7E1141FAEA9CD00674579 /* LaunchScreen.storyboard */,
				CDF7E1171FAEA9CD00674579 /* Info.plist */,
			);
			path = "Giphy Browser";
			sourceTree = "<group>";
		};
		CDF7E11F1FAEA9CD00674579 /* Giphy BrowserTests */ = {
			isa = PBXGroup;
			children = (
				CDE9DCF41FAEBA1A005BBAFD /* GiphyTestData.json */,
				CD690EE51FAF64C3004364DF /* GiphyAutocompleteTestData.json */,
				CDF7E1201FAEA9CD00674579 /* Giphy_BrowserTests.swift */,
				CDE9DCFC1FAEC214005BBAFD /* GiphySearchClient+TestData.swift */,
				CD690EE71FAF64FB004364DF /* GiphyAutocompletionClient+TestData.swift */,
				CDF7E1221FAEA9CD00674579 /* Info.plist */,
			);
			path = "Giphy BrowserTests";
			sourceTree = "<group>";
		};
		CDF7E1331FAEB40000674579 /* Model */ = {
			isa = PBXGroup;
			children = (
				CD690EE01FAF6217004364DF /* Giphy */,
				CD690EE11FAF6223004364DF /* Autocompletion */,
			);
			path = Model;
			sourceTree = "<group>";
		};
/* End PBXGroup section */

/* Begin PBXNativeTarget section */
		CDF7E1071FAEA9CD00674579 /* Giphy Browser */ = {
			isa = PBXNativeTarget;
			buildConfigurationList = CDF7E1251FAEA9CD00674579 /* Build configuration list for PBXNativeTarget "Giphy Browser" */;
			buildPhases = (
				DC9ECB34030162945EEBFD90 /* [CP] Check Pods Manifest.lock */,
				CDF7E1041FAEA9CD00674579 /* Sources */,
				CDF7E1051FAEA9CD00674579 /* Frameworks */,
				CDF7E1061FAEA9CD00674579 /* Resources */,
				8C06BD5105C2A6CB31DD8AC6 /* [CP] Embed Pods Frameworks */,
				D2CDDD7B5CF79C44F1AC0CA7 /* [CP] Copy Pods Resources */,
			);
			buildRules = (
			);
			dependencies = (
			);
			name = "Giphy Browser";
			productName = "Giphy Browser";
			productReference = CDF7E1081FAEA9CD00674579 /* Giphy Browser.app */;
			productType = "com.apple.product-type.application";
		};
		CDF7E11B1FAEA9CD00674579 /* Giphy BrowserTests */ = {
			isa = PBXNativeTarget;
			buildConfigurationList = CDF7E1281FAEA9CD00674579 /* Build configuration list for PBXNativeTarget "Giphy BrowserTests" */;
			buildPhases = (
				769F6E96C3165079EF55BFC5 /* [CP] Check Pods Manifest.lock */,
				CDF7E1181FAEA9CD00674579 /* Sources */,
				CDF7E1191FAEA9CD00674579 /* Frameworks */,
				CDF7E11A1FAEA9CD00674579 /* Resources */,
				A55D2FC35B97BD93515D1411 /* [CP] Embed Pods Frameworks */,
				964574AF294E9285F769CFE9 /* [CP] Copy Pods Resources */,
			);
			buildRules = (
			);
			dependencies = (
				CDF7E11E1FAEA9CD00674579 /* PBXTargetDependency */,
			);
			name = "Giphy BrowserTests";
			productName = "Giphy BrowserTests";
			productReference = CDF7E11C1FAEA9CD00674579 /* Giphy BrowserTests.xctest */;
			productType = "com.apple.product-type.bundle.unit-test";
		};
/* End PBXNativeTarget section */

/* Begin PBXProject section */
		CDF7E1001FAEA9CD00674579 /* Project object */ = {
			isa = PBXProject;
			attributes = {
				LastSwiftUpdateCheck = 0910;
				LastUpgradeCheck = 0910;
				ORGANIZATIONNAME = "Brad G.";
				TargetAttributes = {
					CDF7E1071FAEA9CD00674579 = {
						CreatedOnToolsVersion = 9.1;
						ProvisioningStyle = Automatic;
					};
					CDF7E11B1FAEA9CD00674579 = {
						CreatedOnToolsVersion = 9.1;
						ProvisioningStyle = Automatic;
						TestTargetID = CDF7E1071FAEA9CD00674579;
					};
				};
			};
			buildConfigurationList = CDF7E1031FAEA9CD00674579 /* Build configuration list for PBXProject "Giphy Browser" */;
			compatibilityVersion = "Xcode 8.0";
			developmentRegion = en;
			hasScannedForEncodings = 0;
			knownRegions = (
				en,
				Base,
			);
			mainGroup = CDF7E0FF1FAEA9CD00674579;
			productRefGroup = CDF7E1091FAEA9CD00674579 /* Products */;
			projectDirPath = "";
			projectRoot = "";
			targets = (
				CDF7E1071FAEA9CD00674579 /* Giphy Browser */,
				CDF7E11B1FAEA9CD00674579 /* Giphy BrowserTests */,
			);
		};
/* End PBXProject section */

/* Begin PBXResourcesBuildPhase section */
		CDF7E1061FAEA9CD00674579 /* Resources */ = {
			isa = PBXResourcesBuildPhase;
			buildActionMask = 2147483647;
			files = (
				CDB8A1781FB0DB0C0049012B /* SheetContainerViewController.xib in Resources */,
				CDF7E1161FAEA9CD00674579 /* LaunchScreen.storyboard in Resources */,
				CDF7E1131FAEA9CD00674579 /* Assets.xcassets in Resources */,
				CDF7E1111FAEA9CD00674579 /* Main.storyboard in Resources */,
			);
			runOnlyForDeploymentPostprocessing = 0;
		};
		CDF7E11A1FAEA9CD00674579 /* Resources */ = {
			isa = PBXResourcesBuildPhase;
			buildActionMask = 2147483647;
			files = (
				CDE9DCF51FAEBA1A005BBAFD /* GiphyTestData.json in Resources */,
				CDB8A1791FB0DB0D0049012B /* SheetContainerViewController.xib in Resources */,
				CD690EE61FAF64C3004364DF /* GiphyAutocompleteTestData.json in Resources */,
			);
			runOnlyForDeploymentPostprocessing = 0;
		};
/* End PBXResourcesBuildPhase section */

/* Begin PBXShellScriptBuildPhase section */
		769F6E96C3165079EF55BFC5 /* [CP] Check Pods Manifest.lock */ = {
			isa = PBXShellScriptBuildPhase;
			buildActionMask = 2147483647;
			files = (
			);
			inputPaths = (
				"${PODS_PODFILE_DIR_PATH}/Podfile.lock",
				"${PODS_ROOT}/Manifest.lock",
			);
			name = "[CP] Check Pods Manifest.lock";
			outputPaths = (
				"$(DERIVED_FILE_DIR)/Pods-Giphy BrowserTests-checkManifestLockResult.txt",
			);
			runOnlyForDeploymentPostprocessing = 0;
			shellPath = /bin/sh;
			shellScript = "diff \"${PODS_PODFILE_DIR_PATH}/Podfile.lock\" \"${PODS_ROOT}/Manifest.lock\" > /dev/null\nif [ $? != 0 ] ; then\n    # print error to STDERR\n    echo \"error: The sandbox is not in sync with the Podfile.lock. Run 'pod install' or update your CocoaPods installation.\" >&2\n    exit 1\nfi\n";
			showEnvVarsInLog = 0;
		};
		8C06BD5105C2A6CB31DD8AC6 /* [CP] Embed Pods Frameworks */ = {
			isa = PBXShellScriptBuildPhase;
			buildActionMask = 2147483647;
			files = (
			);
			inputPaths = (
				"${SRCROOT}/Pods/Target Support Files/Pods-Giphy Browser/Pods-Giphy Browser-frameworks.sh",
				"${BUILT_PRODUCTS_DIR}/FLAnimatedImage/FLAnimatedImage.framework",
				"${BUILT_PRODUCTS_DIR}/SDWebImage/SDWebImage.framework",
			);
			name = "[CP] Embed Pods Frameworks";
			outputPaths = (
				"${TARGET_BUILD_DIR}/${FRAMEWORKS_FOLDER_PATH}/FLAnimatedImage.framework",
				"${TARGET_BUILD_DIR}/${FRAMEWORKS_FOLDER_PATH}/SDWebImage.framework",
			);
			runOnlyForDeploymentPostprocessing = 0;
			shellPath = /bin/sh;
			shellScript = "\"${SRCROOT}/Pods/Target Support Files/Pods-Giphy Browser/Pods-Giphy Browser-frameworks.sh\"\n";
			showEnvVarsInLog = 0;
		};
		964574AF294E9285F769CFE9 /* [CP] Copy Pods Resources */ = {
			isa = PBXShellScriptBuildPhase;
			buildActionMask = 2147483647;
			files = (
			);
			inputPaths = (
			);
			name = "[CP] Copy Pods Resources";
			outputPaths = (
			);
			runOnlyForDeploymentPostprocessing = 0;
			shellPath = /bin/sh;
			shellScript = "\"${SRCROOT}/Pods/Target Support Files/Pods-Giphy BrowserTests/Pods-Giphy BrowserTests-resources.sh\"\n";
			showEnvVarsInLog = 0;
		};
		A55D2FC35B97BD93515D1411 /* [CP] Embed Pods Frameworks */ = {
			isa = PBXShellScriptBuildPhase;
			buildActionMask = 2147483647;
			files = (
			);
			inputPaths = (
			);
			name = "[CP] Embed Pods Frameworks";
			outputPaths = (
			);
			runOnlyForDeploymentPostprocessing = 0;
			shellPath = /bin/sh;
			shellScript = "\"${SRCROOT}/Pods/Target Support Files/Pods-Giphy BrowserTests/Pods-Giphy BrowserTests-frameworks.sh\"\n";
			showEnvVarsInLog = 0;
		};
		D2CDDD7B5CF79C44F1AC0CA7 /* [CP] Copy Pods Resources */ = {
			isa = PBXShellScriptBuildPhase;
			buildActionMask = 2147483647;
			files = (
			);
			inputPaths = (
			);
			name = "[CP] Copy Pods Resources";
			outputPaths = (
			);
			runOnlyForDeploymentPostprocessing = 0;
			shellPath = /bin/sh;
			shellScript = "\"${SRCROOT}/Pods/Target Support Files/Pods-Giphy Browser/Pods-Giphy Browser-resources.sh\"\n";
			showEnvVarsInLog = 0;
		};
		DC9ECB34030162945EEBFD90 /* [CP] Check Pods Manifest.lock */ = {
			isa = PBXShellScriptBuildPhase;
			buildActionMask = 2147483647;
			files = (
			);
			inputPaths = (
				"${PODS_PODFILE_DIR_PATH}/Podfile.lock",
				"${PODS_ROOT}/Manifest.lock",
			);
			name = "[CP] Check Pods Manifest.lock";
			outputPaths = (
				"$(DERIVED_FILE_DIR)/Pods-Giphy Browser-checkManifestLockResult.txt",
			);
			runOnlyForDeploymentPostprocessing = 0;
			shellPath = /bin/sh;
			shellScript = "diff \"${PODS_PODFILE_DIR_PATH}/Podfile.lock\" \"${PODS_ROOT}/Manifest.lock\" > /dev/null\nif [ $? != 0 ] ; then\n    # print error to STDERR\n    echo \"error: The sandbox is not in sync with the Podfile.lock. Run 'pod install' or update your CocoaPods installation.\" >&2\n    exit 1\nfi\n";
			showEnvVarsInLog = 0;
		};
/* End PBXShellScriptBuildPhase section */

/* Begin PBXSourcesBuildPhase section */
		CDF7E1041FAEA9CD00674579 /* Sources */ = {
			isa = PBXSourcesBuildPhase;
			buildActionMask = 2147483647;
			files = (
				CD8F9C7E1FB14CCC00E9BFF6 /* SearchViewModel.swift in Sources */,
				CD690ED41FAF3DD9004364DF /* GiphyCollectionViewCell.swift in Sources */,
				CDE38EFC1FAFD91A00AE9EF8 /* ColorArt.swift in Sources */,
				CD690EEA1FAF8CD0004364DF /* GiphyUser.swift in Sources */,
				CD6A4D9E1FB0A360007F7B81 /* ErrorHandleable.swift in Sources */,
				CDF7E12C1FAEAACC00674579 /* Giphy.swift in Sources */,
				CDE9DCFF1FAF37AE005BBAFD /* GiphyTrendingClient.swift in Sources */,
				CDE38EF91FAF93E200AE9EF8 /* GiphyViewModel.swift in Sources */,
				CDE9DCE81FAEB745005BBAFD /* Notifications+Application.swift in Sources */,
				CDE9DCEC1FAEB79C005BBAFD /* GiphyResponse.swift in Sources */,
				CDB8A1761FB0DB040049012B /* SheetContainerViewController.swift in Sources */,
				CD8F9C7C1FB126B700E9BFF6 /* SearchViewController.swift in Sources */,
				CDE9DCE11FAEB543005BBAFD /* Webservice.swift in Sources */,
				CDE9DCF71FAEBAC2005BBAFD /* GiphySearchClient.swift in Sources */,
				CD6A4DA11FB0A3B3007F7B81 /* UIAlertController+Error.swift in Sources */,
				CDE9DCF21FAEB96A005BBAFD /* GiphyMetadata.swift in Sources */,
				CDE9DCF91FAEBFDD005BBAFD /* GiphyURLConstructor.swift in Sources */,
				CDE9DCEF1FAEB94D005BBAFD /* GiphyPagination.swift in Sources */,
				CDF7E12E1FAEB29C00674579 /* GiphyImageType.swift in Sources */,
				CD690EDE1FAF60FF004364DF /* GiphyAutocompleteResult.swift in Sources */,
				CD2BA08F1FB153E5001E5724 /* UITableView+Animations.swift in Sources */,
				CDE38EFF1FAFE0B600AE9EF8 /* LoaderCollectionViewCell.swift in Sources */,
				CDF7E10E1FAEA9CD00674579 /* GiphyListViewController.swift in Sources */,
				CD690EDA1FAF605E004364DF /* GiphyAutocompleteResponse.swift in Sources */,
				CD690ED81FAF5FE7004364DF /* GiphyAutocomplete.swift in Sources */,
				CDC4B5BE1FAFF4DF00D20E0D /* UICollectionView+Animations.swift in Sources */,
				CDC4B5C01FB08FAA00D20E0D /* UIColor+Application.swift in Sources */,
				CDF7E1301FAEB2B800674579 /* GiphyImage.swift in Sources */,
				CDF7E10C1FAEA9CD00674579 /* AppDelegate.swift in Sources */,
				CDB8A17C1FB0DBFC0049012B /* StoryboardInitializable.swift in Sources */,
				CD690EE31FAF639E004364DF /* GiphyAutocompletionClient.swift in Sources */,
				CDE9DCE41FAEB61F005BBAFD /* Result.swift in Sources */,
				CDB8A17F1FB0DC6B0049012B /* UIFont+Application.swift in Sources */,
				CDE9DCDE1FAEB501005BBAFD /* NetworkActivityIndicatorManager.swift in Sources */,
			);
			runOnlyForDeploymentPostprocessing = 0;
		};
		CDF7E1181FAEA9CD00674579 /* Sources */ = {
			isa = PBXSourcesBuildPhase;
			buildActionMask = 2147483647;
			files = (
				CDE9DCFD1FAEC214005BBAFD /* GiphySearchClient+TestData.swift in Sources */,
				CDE38EFD1FAFDAF400AE9EF8 /* ColorArt.swift in Sources */,
				CD690EEB1FAF8D98004364DF /* GiphyUser.swift in Sources */,
				CDB8A1771FB0DB040049012B /* SheetContainerViewController.swift in Sources */,
				CDE9DD001FAF3821005BBAFD /* GiphyTrendingClient.swift in Sources */,
				CDB8A1801FB0DC6B0049012B /* UIFont+Application.swift in Sources */,
				CD8F9C7F1FB14CCC00E9BFF6 /* SearchViewModel.swift in Sources */,
				CDF7E1321FAEB3D200674579 /* GiphyImageType.swift in Sources */,
				CDE38EFA1FAF958A00AE9EF8 /* GiphyViewModel.swift in Sources */,
				CDF7E1211FAEA9CD00674579 /* Giphy_BrowserTests.swift in Sources */,
				CD690EDF1FAF60FF004364DF /* GiphyAutocompleteResult.swift in Sources */,
				CDE9DCFA1FAEC1EB005BBAFD /* GiphyURLConstructor.swift in Sources */,
				CDE9DCF31FAEB96A005BBAFD /* GiphyMetadata.swift in Sources */,
				CD690EE81FAF64FB004364DF /* GiphyAutocompletionClient+TestData.swift in Sources */,
				CD6A4D9F1FB0A360007F7B81 /* ErrorHandleable.swift in Sources */,
				CDE9DCFB1FAEC1EF005BBAFD /* GiphySearchClient.swift in Sources */,
				CDB8A17D1FB0DC120049012B /* StoryboardInitializable.swift in Sources */,
				CDE9DCE21FAEB543005BBAFD /* Webservice.swift in Sources */,
				CDE9DCE91FAEB745005BBAFD /* Notifications+Application.swift in Sources */,
				CDF7E1311FAEB3CE00674579 /* Giphy.swift in Sources */,
				CDE9DCF01FAEB94D005BBAFD /* GiphyPagination.swift in Sources */,
				CDC4B5C11FB08FAA00D20E0D /* UIColor+Application.swift in Sources */,
				CD2BA0901FB1541D001E5724 /* UITableView+Animations.swift in Sources */,
				CDE9DCED1FAEB79C005BBAFD /* GiphyResponse.swift in Sources */,
				CD690EDC1FAF6062004364DF /* GiphyAutocomplete.swift in Sources */,
				CD690EDB1FAF605E004364DF /* GiphyAutocompleteResponse.swift in Sources */,
				CDE9DCE51FAEB61F005BBAFD /* Result.swift in Sources */,
				CDE9DCDC1FAEB492005BBAFD /* GiphyImage.swift in Sources */,
				CDE9DCDF1FAEB501005BBAFD /* NetworkActivityIndicatorManager.swift in Sources */,
				CD690EE41FAF639E004364DF /* GiphyAutocompletionClient.swift in Sources */,
				CD6A4DA21FB0A3B3007F7B81 /* UIAlertController+Error.swift in Sources */,
			);
			runOnlyForDeploymentPostprocessing = 0;
		};
/* End PBXSourcesBuildPhase section */

/* Begin PBXTargetDependency section */
		CDF7E11E1FAEA9CD00674579 /* PBXTargetDependency */ = {
			isa = PBXTargetDependency;
			target = CDF7E1071FAEA9CD00674579 /* Giphy Browser */;
			targetProxy = CDF7E11D1FAEA9CD00674579 /* PBXContainerItemProxy */;
		};
/* End PBXTargetDependency section */

/* Begin PBXVariantGroup section */
		CDF7E10F1FAEA9CD00674579 /* Main.storyboard */ = {
			isa = PBXVariantGroup;
			children = (
				CDF7E1101FAEA9CD00674579 /* Base */,
			);
			name = Main.storyboard;
			sourceTree = "<group>";
		};
		CDF7E1141FAEA9CD00674579 /* LaunchScreen.storyboard */ = {
			isa = PBXVariantGroup;
			children = (
				CDF7E1151FAEA9CD00674579 /* Base */,
			);
			name = LaunchScreen.storyboard;
			sourceTree = "<group>";
		};
/* End PBXVariantGroup section */

/* Begin XCBuildConfiguration section */
		CDF7E1231FAEA9CD00674579 /* Debug */ = {
			isa = XCBuildConfiguration;
			buildSettings = {
				ALWAYS_SEARCH_USER_PATHS = NO;
				CLANG_ANALYZER_NONNULL = YES;
				CLANG_ANALYZER_NUMBER_OBJECT_CONVERSION = YES_AGGRESSIVE;
				CLANG_CXX_LANGUAGE_STANDARD = "gnu++14";
				CLANG_CXX_LIBRARY = "libc++";
				CLANG_ENABLE_MODULES = YES;
				CLANG_ENABLE_OBJC_ARC = YES;
				CLANG_WARN_BLOCK_CAPTURE_AUTORELEASING = YES;
				CLANG_WARN_BOOL_CONVERSION = YES;
				CLANG_WARN_COMMA = YES;
				CLANG_WARN_CONSTANT_CONVERSION = YES;
				CLANG_WARN_DIRECT_OBJC_ISA_USAGE = YES_ERROR;
				CLANG_WARN_DOCUMENTATION_COMMENTS = YES;
				CLANG_WARN_EMPTY_BODY = YES;
				CLANG_WARN_ENUM_CONVERSION = YES;
				CLANG_WARN_INFINITE_RECURSION = YES;
				CLANG_WARN_INT_CONVERSION = YES;
				CLANG_WARN_NON_LITERAL_NULL_CONVERSION = YES;
				CLANG_WARN_OBJC_LITERAL_CONVERSION = YES;
				CLANG_WARN_OBJC_ROOT_CLASS = YES_ERROR;
				CLANG_WARN_RANGE_LOOP_ANALYSIS = YES;
				CLANG_WARN_STRICT_PROTOTYPES = YES;
				CLANG_WARN_SUSPICIOUS_MOVE = YES;
				CLANG_WARN_UNGUARDED_AVAILABILITY = YES_AGGRESSIVE;
				CLANG_WARN_UNREACHABLE_CODE = YES;
				CLANG_WARN__DUPLICATE_METHOD_MATCH = YES;
				CODE_SIGN_IDENTITY = "iPhone Developer";
				COPY_PHASE_STRIP = NO;
				DEBUG_INFORMATION_FORMAT = dwarf;
				ENABLE_STRICT_OBJC_MSGSEND = YES;
				ENABLE_TESTABILITY = YES;
				GCC_C_LANGUAGE_STANDARD = gnu11;
				GCC_DYNAMIC_NO_PIC = NO;
				GCC_NO_COMMON_BLOCKS = YES;
				GCC_OPTIMIZATION_LEVEL = 0;
				GCC_PREPROCESSOR_DEFINITIONS = (
					"DEBUG=1",
					"$(inherited)",
				);
				GCC_WARN_64_TO_32_BIT_CONVERSION = YES;
				GCC_WARN_ABOUT_RETURN_TYPE = YES_ERROR;
				GCC_WARN_UNDECLARED_SELECTOR = YES;
				GCC_WARN_UNINITIALIZED_AUTOS = YES_AGGRESSIVE;
				GCC_WARN_UNUSED_FUNCTION = YES;
				GCC_WARN_UNUSED_VARIABLE = YES;
				IPHONEOS_DEPLOYMENT_TARGET = 11.1;
				MTL_ENABLE_DEBUG_INFO = YES;
				ONLY_ACTIVE_ARCH = YES;
				SDKROOT = iphoneos;
				SWIFT_ACTIVE_COMPILATION_CONDITIONS = DEBUG;
				SWIFT_OPTIMIZATION_LEVEL = "-Onone";
			};
			name = Debug;
		};
		CDF7E1241FAEA9CD00674579 /* Release */ = {
			isa = XCBuildConfiguration;
			buildSettings = {
				ALWAYS_SEARCH_USER_PATHS = NO;
				CLANG_ANALYZER_NONNULL = YES;
				CLANG_ANALYZER_NUMBER_OBJECT_CONVERSION = YES_AGGRESSIVE;
				CLANG_CXX_LANGUAGE_STANDARD = "gnu++14";
				CLANG_CXX_LIBRARY = "libc++";
				CLANG_ENABLE_MODULES = YES;
				CLANG_ENABLE_OBJC_ARC = YES;
				CLANG_WARN_BLOCK_CAPTURE_AUTORELEASING = YES;
				CLANG_WARN_BOOL_CONVERSION = YES;
				CLANG_WARN_COMMA = YES;
				CLANG_WARN_CONSTANT_CONVERSION = YES;
				CLANG_WARN_DIRECT_OBJC_ISA_USAGE = YES_ERROR;
				CLANG_WARN_DOCUMENTATION_COMMENTS = YES;
				CLANG_WARN_EMPTY_BODY = YES;
				CLANG_WARN_ENUM_CONVERSION = YES;
				CLANG_WARN_INFINITE_RECURSION = YES;
				CLANG_WARN_INT_CONVERSION = YES;
				CLANG_WARN_NON_LITERAL_NULL_CONVERSION = YES;
				CLANG_WARN_OBJC_LITERAL_CONVERSION = YES;
				CLANG_WARN_OBJC_ROOT_CLASS = YES_ERROR;
				CLANG_WARN_RANGE_LOOP_ANALYSIS = YES;
				CLANG_WARN_STRICT_PROTOTYPES = YES;
				CLANG_WARN_SUSPICIOUS_MOVE = YES;
				CLANG_WARN_UNGUARDED_AVAILABILITY = YES_AGGRESSIVE;
				CLANG_WARN_UNREACHABLE_CODE = YES;
				CLANG_WARN__DUPLICATE_METHOD_MATCH = YES;
				CODE_SIGN_IDENTITY = "iPhone Developer";
				COPY_PHASE_STRIP = NO;
				DEBUG_INFORMATION_FORMAT = "dwarf-with-dsym";
				ENABLE_NS_ASSERTIONS = NO;
				ENABLE_STRICT_OBJC_MSGSEND = YES;
				GCC_C_LANGUAGE_STANDARD = gnu11;
				GCC_NO_COMMON_BLOCKS = YES;
				GCC_WARN_64_TO_32_BIT_CONVERSION = YES;
				GCC_WARN_ABOUT_RETURN_TYPE = YES_ERROR;
				GCC_WARN_UNDECLARED_SELECTOR = YES;
				GCC_WARN_UNINITIALIZED_AUTOS = YES_AGGRESSIVE;
				GCC_WARN_UNUSED_FUNCTION = YES;
				GCC_WARN_UNUSED_VARIABLE = YES;
				IPHONEOS_DEPLOYMENT_TARGET = 11.1;
				MTL_ENABLE_DEBUG_INFO = NO;
				SDKROOT = iphoneos;
				SWIFT_OPTIMIZATION_LEVEL = "-Owholemodule";
				VALIDATE_PRODUCT = YES;
			};
			name = Release;
		};
		CDF7E1261FAEA9CD00674579 /* Debug */ = {
			isa = XCBuildConfiguration;
			baseConfigurationReference = 0732F56FE1CAC103E969A4AF /* Pods-Giphy Browser.debug.xcconfig */;
			buildSettings = {
				ASSETCATALOG_COMPILER_APPICON_NAME = AppIcon;
				CODE_SIGN_STYLE = Automatic;
				DEVELOPMENT_TEAM = 8DDUQH2RUD;
				INFOPLIST_FILE = "Giphy Browser/Info.plist";
				IPHONEOS_DEPLOYMENT_TARGET = 9.0;
				LD_RUNPATH_SEARCH_PATHS = "$(inherited) @executable_path/Frameworks";
				PRODUCT_BUNDLE_IDENTIFIER = "bradgayman.Giphy-Browser";
				PRODUCT_NAME = "$(TARGET_NAME)";
				SWIFT_VERSION = 4.0;
				TARGETED_DEVICE_FAMILY = "1,2";
			};
			name = Debug;
		};
		CDF7E1271FAEA9CD00674579 /* Release */ = {
			isa = XCBuildConfiguration;
			baseConfigurationReference = DFB3A92DAA6218C1FE14F620 /* Pods-Giphy Browser.release.xcconfig */;
			buildSettings = {
				ASSETCATALOG_COMPILER_APPICON_NAME = AppIcon;
				CODE_SIGN_STYLE = Automatic;
				DEVELOPMENT_TEAM = 8DDUQH2RUD;
				INFOPLIST_FILE = "Giphy Browser/Info.plist";
				IPHONEOS_DEPLOYMENT_TARGET = 9.0;
				LD_RUNPATH_SEARCH_PATHS = "$(inherited) @executable_path/Frameworks";
				PRODUCT_BUNDLE_IDENTIFIER = "bradgayman.Giphy-Browser";
				PRODUCT_NAME = "$(TARGET_NAME)";
				SWIFT_VERSION = 4.0;
				TARGETED_DEVICE_FAMILY = "1,2";
			};
			name = Release;
		};
		CDF7E1291FAEA9CD00674579 /* Debug */ = {
			isa = XCBuildConfiguration;
			baseConfigurationReference = 42705E23CD568021299D0FC8 /* Pods-Giphy BrowserTests.debug.xcconfig */;
			buildSettings = {
				ALWAYS_EMBED_SWIFT_STANDARD_LIBRARIES = YES;
				BUNDLE_LOADER = "$(TEST_HOST)";
				CODE_SIGN_STYLE = Automatic;
				DEVELOPMENT_TEAM = 8DDUQH2RUD;
				INFOPLIST_FILE = "Giphy BrowserTests/Info.plist";
				LD_RUNPATH_SEARCH_PATHS = "$(inherited) @executable_path/Frameworks @loader_path/Frameworks";
				PRODUCT_BUNDLE_IDENTIFIER = "bradgayman.Giphy-BrowserTests";
				PRODUCT_NAME = "$(TARGET_NAME)";
				SWIFT_VERSION = 4.0;
				TARGETED_DEVICE_FAMILY = "1,2";
				TEST_HOST = "$(BUILT_PRODUCTS_DIR)/Giphy Browser.app/Giphy Browser";
			};
			name = Debug;
		};
		CDF7E12A1FAEA9CD00674579 /* Release */ = {
			isa = XCBuildConfiguration;
			baseConfigurationReference = A789927EDE8429FB20F251B8 /* Pods-Giphy BrowserTests.release.xcconfig */;
			buildSettings = {
				ALWAYS_EMBED_SWIFT_STANDARD_LIBRARIES = YES;
				BUNDLE_LOADER = "$(TEST_HOST)";
				CODE_SIGN_STYLE = Automatic;
				DEVELOPMENT_TEAM = 8DDUQH2RUD;
				INFOPLIST_FILE = "Giphy BrowserTests/Info.plist";
				LD_RUNPATH_SEARCH_PATHS = "$(inherited) @executable_path/Frameworks @loader_path/Frameworks";
				PRODUCT_BUNDLE_IDENTIFIER = "bradgayman.Giphy-BrowserTests";
				PRODUCT_NAME = "$(TARGET_NAME)";
				SWIFT_VERSION = 4.0;
				TARGETED_DEVICE_FAMILY = "1,2";
				TEST_HOST = "$(BUILT_PRODUCTS_DIR)/Giphy Browser.app/Giphy Browser";
			};
			name = Release;
		};
/* End XCBuildConfiguration section */

/* Begin XCConfigurationList section */
		CDF7E1031FAEA9CD00674579 /* Build configuration list for PBXProject "Giphy Browser" */ = {
			isa = XCConfigurationList;
			buildConfigurations = (
				CDF7E1231FAEA9CD00674579 /* Debug */,
				CDF7E1241FAEA9CD00674579 /* Release */,
			);
			defaultConfigurationIsVisible = 0;
			defaultConfigurationName = Release;
		};
		CDF7E1251FAEA9CD00674579 /* Build configuration list for PBXNativeTarget "Giphy Browser" */ = {
			isa = XCConfigurationList;
			buildConfigurations = (
				CDF7E1261FAEA9CD00674579 /* Debug */,
				CDF7E1271FAEA9CD00674579 /* Release */,
			);
			defaultConfigurationIsVisible = 0;
			defaultConfigurationName = Release;
		};
		CDF7E1281FAEA9CD00674579 /* Build configuration list for PBXNativeTarget "Giphy BrowserTests" */ = {
			isa = XCConfigurationList;
			buildConfigurations = (
				CDF7E1291FAEA9CD00674579 /* Debug */,
				CDF7E12A1FAEA9CD00674579 /* Release */,
			);
			defaultConfigurationIsVisible = 0;
			defaultConfigurationName = Release;
		};
/* End XCConfigurationList section */
	};
	rootObject = CDF7E1001FAEA9CD00674579 /* Project object */;
}
